
Microsoft Visual Studio Solution File, Format Version 12.00
# Visual Studio Version 17
VisualStudioVersion = 17.14.36511.14
MinimumVisualStudioVersion = 10.0.40219.1
Project("{FAE04EC0-301F-11D3-BF4B-00C04F79EFBC}") = "VideoManagementApp", "VideoManagementApp.csproj", "{ED820795-CD12-FD29-3011-CC829EA53D68}"
EndProject
Global
	GlobalSection(SolutionConfigurationPlatforms) = preSolution
		Debug|Any CPU = Debug|Any CPU
		Release|Any CPU = Release|Any CPU
	EndGlobalSection
	GlobalSection(ProjectConfigurationPlatforms) = postSolution
		{ED820795-CD12-FD29-3011-CC829EA53D68}.Debug|Any CPU.ActiveCfg = Debug|Any CPU
		{ED820795-CD12-FD29-3011-CC829EA53D68}.Debug|Any CPU.Build.0 = Debug|Any CPU
		{ED820795-CD12-FD29-3011-CC829EA53D68}.Release|Any CPU.ActiveCfg = Release|Any CPU
		{ED820795-CD12-FD29-3011-CC829EA53D68}.Release|Any CPU.Build.0 = Release|Any CPU
	EndGlobalSection
	GlobalSection(SolutionProperties) = preSolution
		HideSolutionNode = FALSE
	EndGlobalSection
	GlobalSection(ExtensibilityGlobals) = postSolution
		SolutionGuid = {D17DC876-FC5D-4C0A-A73B-6C69CEF415B3}
	EndGlobalSection
EndGlobal
